
Microsoft Visual Studio Solution File, Format Version 12.00
# Visual Studio Version 17
VisualStudioVersion = 17.4.33213.308
MinimumVisualStudioVersion = 10.0.40219.1
Project("{FAE04EC0-301F-11D3-BF4B-00C04F79EFBC}") = "Pila Estatica", "Pila Estatica.csproj", "{B96A219F-878E-483A-B0B6-E12A59AAB74A}"
EndProject
Global
	GlobalSection(SolutionConfigurationPlatforms) = preSolution
		Debug|Any CPU = Debug|Any CPU
		Release|Any CPU = Release|Any CPU
	EndGlobalSection
	GlobalSection(ProjectConfigurationPlatforms) = postSolution
		{B96A219F-878E-483A-B0B6-E12A59AAB74A}.Debug|Any CPU.ActiveCfg = Debug|Any CPU
		{B96A219F-878E-483A-B0B6-E12A59AAB74A}.Debug|Any CPU.Build.0 = Debug|Any CPU
		{B96A219F-878E-483A-B0B6-E12A59AAB74A}.Release|Any CPU.ActiveCfg = Release|Any CPU
		{B96A219F-878E-483A-B0B6-E12A59AAB74A}.Release|Any CPU.Build.0 = Release|Any CPU
	EndGlobalSection
	GlobalSection(SolutionProperties) = preSolution
		HideSolutionNode = FALSE
	EndGlobalSection
	GlobalSection(ExtensibilityGlobals) = postSolution
		SolutionGuid = {6E213BF4-BA99-4DD0-A576-B55D16E7C350}
	EndGlobalSection
EndGlobal
